
Microsoft Visual Studio Solution File, Format Version 12.00
# Visual Studio 15
VisualStudioVersion = 15.0.28307.1300
MinimumVisualStudioVersion = 10.0.40219.1
Project("{8BC9CEB8-8B4A-11D0-8D11-00A0C91BC942}") = "TCP_Echo_Server", "TCP_Echo\TCP_Echo.vcxproj", "{DF9E3213-FA60-4F1B-8B3B-C5687CBC8250}"
EndProject
Project("{8BC9CEB8-8B4A-11D0-8D11-00A0C91BC942}") = "TCP_Echo_Client", "TCP_Echo_Client\TCP_Echo_Client.vcxproj", "{64071C58-FBDD-4199-A05A-7ABDFEF06D34}"
EndProject
Global
	GlobalSection(SolutionConfigurationPlatforms) = preSolution
		Debug|x64 = Debug|x64
		Debug|x86 = Debug|x86
		Release|x64 = Release|x64
		Release|x86 = Release|x86
	EndGlobalSection
	GlobalSection(ProjectConfigurationPlatforms) = postSolution
		{DF9E3213-FA60-4F1B-8B3B-C5687CBC8250}.Debug|x64.ActiveCfg = Debug|x64
		{DF9E3213-FA60-4F1B-8B3B-C5687CBC8250}.Debug|x64.Build.0 = Debug|x64
		{DF9E3213-FA60-4F1B-8B3B-C5687CBC8250}.Debug|x86.ActiveCfg = Debug|Win32
		{DF9E3213-FA60-4F1B-8B3B-C5687CBC8250}.Debug|x86.Build.0 = Debug|Win32
		{DF9E3213-FA60-4F1B-8B3B-C5687CBC8250}.Release|x64.ActiveCfg = Release|x64
		{DF9E3213-FA60-4F1B-8B3B-C5687CBC8250}.Release|x64.Build.0 = Release|x64
		{DF9E3213-FA60-4F1B-8B3B-C5687CBC8250}.Release|x86.ActiveCfg = Release|Win32
		{DF9E3213-FA60-4F1B-8B3B-C5687CBC8250}.Release|x86.Build.0 = Release|Win32
		{64071C58-FBDD-4199-A05A-7ABDFEF06D34}.Debug|x64.ActiveCfg = Debug|x64
		{64071C58-FBDD-4199-A05A-7ABDFEF06D34}.Debug|x64.Build.0 = Debug|x64
		{64071C58-FBDD-4199-A05A-7ABDFEF06D34}.Debug|x86.ActiveCfg = Debug|Win32
		{64071C58-FBDD-4199-A05A-7ABDFEF06D34}.Debug|x86.Build.0 = Debug|Win32
		{64071C58-FBDD-4199-A05A-7ABDFEF06D34}.Release|x64.ActiveCfg = Release|x64
		{64071C58-FBDD-4199-A05A-7ABDFEF06D34}.Release|x64.Build.0 = Release|x64
		{64071C58-FBDD-4199-A05A-7ABDFEF06D34}.Release|x86.ActiveCfg = Release|Win32
		{64071C58-FBDD-4199-A05A-7ABDFEF06D34}.Release|x86.Build.0 = Release|Win32
	EndGlobalSection
	GlobalSection(SolutionProperties) = preSolution
		HideSolutionNode = FALSE
	EndGlobalSection
	GlobalSection(ExtensibilityGlobals) = postSolution
		SolutionGuid = {1A84E7C3-493D-44D1-B4BC-EEAAC7A14A5F}
	EndGlobalSection
EndGlobal
